
Microsoft Visual Studio Solution File, Format Version 12.00
# Visual Studio Version 16
VisualStudioVersion = 16.0.29102.190
MinimumVisualStudioVersion = 10.0.40219.1
Project("{9A19103F-16F7-4668-BE54-9A1E7A4F7556}") = "Sandbox221b", "Sandbox221b\Sandbox221b.csproj", "{27BCEE2E-FEF0-4D0F-963D-F5F2E7CF9E8A}"
EndProject
Project("{FAE04EC0-301F-11D3-BF4B-00C04F79EFBC}") = "CenterWebJob", "CenterWebJob\CenterWebJob.csproj", "{E332758B-8E10-4918-9039-FEE82AEE49CA}"
EndProject
Project("{FAE04EC0-301F-11D3-BF4B-00C04F79EFBC}") = "CenterWebJobTrigger", "CenterWebJobTrigger\CenterWebJobTrigger.csproj", "{93959980-F3B8-424C-A85F-616679DB3851}"
EndProject
Project("{FAE04EC0-301F-11D3-BF4B-00C04F79EFBC}") = "Version2WebJob", "Version2WebJob\Version2WebJob.csproj", "{3B638C98-53EF-48E2-A36A-CEBF0D88302E}"
EndProject
Project("{2150E333-8FDC-42A3-9474-1A3956D46DE8}") = "WebJobs", "WebJobs", "{D57CDB7C-BEFA-4908-9760-400C8099B831}"
EndProject
Global
	GlobalSection(SolutionConfigurationPlatforms) = preSolution
		Debug|Any CPU = Debug|Any CPU
		Release|Any CPU = Release|Any CPU
	EndGlobalSection
	GlobalSection(ProjectConfigurationPlatforms) = postSolution
		{27BCEE2E-FEF0-4D0F-963D-F5F2E7CF9E8A}.Debug|Any CPU.ActiveCfg = Debug|Any CPU
		{27BCEE2E-FEF0-4D0F-963D-F5F2E7CF9E8A}.Debug|Any CPU.Build.0 = Debug|Any CPU
		{27BCEE2E-FEF0-4D0F-963D-F5F2E7CF9E8A}.Release|Any CPU.ActiveCfg = Release|Any CPU
		{27BCEE2E-FEF0-4D0F-963D-F5F2E7CF9E8A}.Release|Any CPU.Build.0 = Release|Any CPU
		{E332758B-8E10-4918-9039-FEE82AEE49CA}.Debug|Any CPU.ActiveCfg = Debug|Any CPU
		{E332758B-8E10-4918-9039-FEE82AEE49CA}.Debug|Any CPU.Build.0 = Debug|Any CPU
		{E332758B-8E10-4918-9039-FEE82AEE49CA}.Release|Any CPU.ActiveCfg = Release|Any CPU
		{E332758B-8E10-4918-9039-FEE82AEE49CA}.Release|Any CPU.Build.0 = Release|Any CPU
		{93959980-F3B8-424C-A85F-616679DB3851}.Debug|Any CPU.ActiveCfg = Debug|Any CPU
		{93959980-F3B8-424C-A85F-616679DB3851}.Debug|Any CPU.Build.0 = Debug|Any CPU
		{93959980-F3B8-424C-A85F-616679DB3851}.Release|Any CPU.ActiveCfg = Release|Any CPU
		{93959980-F3B8-424C-A85F-616679DB3851}.Release|Any CPU.Build.0 = Release|Any CPU
		{3B638C98-53EF-48E2-A36A-CEBF0D88302E}.Debug|Any CPU.ActiveCfg = Debug|Any CPU
		{3B638C98-53EF-48E2-A36A-CEBF0D88302E}.Debug|Any CPU.Build.0 = Debug|Any CPU
		{3B638C98-53EF-48E2-A36A-CEBF0D88302E}.Release|Any CPU.ActiveCfg = Release|Any CPU
		{3B638C98-53EF-48E2-A36A-CEBF0D88302E}.Release|Any CPU.Build.0 = Release|Any CPU
	EndGlobalSection
	GlobalSection(SolutionProperties) = preSolution
		HideSolutionNode = FALSE
	EndGlobalSection
	GlobalSection(NestedProjects) = preSolution
		{E332758B-8E10-4918-9039-FEE82AEE49CA} = {D57CDB7C-BEFA-4908-9760-400C8099B831}
		{93959980-F3B8-424C-A85F-616679DB3851} = {D57CDB7C-BEFA-4908-9760-400C8099B831}
		{3B638C98-53EF-48E2-A36A-CEBF0D88302E} = {D57CDB7C-BEFA-4908-9760-400C8099B831}
	EndGlobalSection
	GlobalSection(ExtensibilityGlobals) = postSolution
		SolutionGuid = {B49AC8CB-5533-4DEA-9960-8360638636D1}
	EndGlobalSection
EndGlobal
